{
	"name": "@donategifts/payment",
	"version": "1.0.0",
	"lockfileVersion": 1,
	"requires": true,
	"dependencies": {
		"express-mongo-sanitize": {
			"version": "2.0.2",
			"resolved": "https://registry.npmjs.org/express-mongo-sanitize/-/express-mongo-sanitize-2.0.2.tgz",
			"integrity": "sha512-JKdeb6EBW++5Uo4F5Ed66p3FSjqNfqc65WrO2H6iWJjyI+IYb4pWq6HjFho/8p95t7ccjr9aBz8QQszeLM/bcQ=="
		}
	}
}
